
Microsoft Visual Studio Solution File, Format Version 12.00
# Visual Studio 15
VisualStudioVersion = 15.0.27703.2026
MinimumVisualStudioVersion = 10.0.40219.1
Project("{FAE04EC0-301F-11D3-BF4B-00C04F79EFBC}") = "PhishAnalyzer", "PhishAnalyzer\PhishAnalyzer.csproj", "{E5868B52-1EB3-43FE-962D-FF1D5B6FF1CC}"
EndProject
Global
	GlobalSection(SolutionConfigurationPlatforms) = preSolution
		Debug|Any CPU = Debug|Any CPU
		Release|Any CPU = Release|Any CPU
	EndGlobalSection
	GlobalSection(ProjectConfigurationPlatforms) = postSolution
		{E5868B52-1EB3-43FE-962D-FF1D5B6FF1CC}.Debug|Any CPU.ActiveCfg = Debug|Any CPU
		{E5868B52-1EB3-43FE-962D-FF1D5B6FF1CC}.Debug|Any CPU.Build.0 = Debug|Any CPU
		{E5868B52-1EB3-43FE-962D-FF1D5B6FF1CC}.Release|Any CPU.ActiveCfg = Release|Any CPU
		{E5868B52-1EB3-43FE-962D-FF1D5B6FF1CC}.Release|Any CPU.Build.0 = Release|Any CPU
	EndGlobalSection
	GlobalSection(SolutionProperties) = preSolution
		HideSolutionNode = FALSE
	EndGlobalSection
	GlobalSection(ExtensibilityGlobals) = postSolution
		SolutionGuid = {FAA78A9B-FEB3-48DB-B128-815FFBF1EF7E}
	EndGlobalSection
EndGlobal
